
Microsoft Visual Studio Solution File, Format Version 12.00
# Visual Studio 2013
VisualStudioVersion = 12.0.31101.0
MinimumVisualStudioVersion = 10.0.40219.1
Project("{FAE04EC0-301F-11D3-BF4B-00C04F79EFBC}") = "NonDeterministicCode", "NonDeterministicCode\NonDeterministicCode.csproj", "{61BBA0AB-967E-4BB6-BC2B-7EFC30290567}"
EndProject
Project("{FAE04EC0-301F-11D3-BF4B-00C04F79EFBC}") = "NonDeterministicCode.Tests", "NonDeterministicCode.Tests\NonDeterministicCode.Tests.csproj", "{7B06B058-F59B-41F7-9047-803806896806}"
EndProject
Global
	GlobalSection(SolutionConfigurationPlatforms) = preSolution
		Debug|Any CPU = Debug|Any CPU
		Release|Any CPU = Release|Any CPU
	EndGlobalSection
	GlobalSection(ProjectConfigurationPlatforms) = postSolution
		{61BBA0AB-967E-4BB6-BC2B-7EFC30290567}.Debug|Any CPU.ActiveCfg = Debug|Any CPU
		{61BBA0AB-967E-4BB6-BC2B-7EFC30290567}.Debug|Any CPU.Build.0 = Debug|Any CPU
		{61BBA0AB-967E-4BB6-BC2B-7EFC30290567}.Release|Any CPU.ActiveCfg = Release|Any CPU
		{61BBA0AB-967E-4BB6-BC2B-7EFC30290567}.Release|Any CPU.Build.0 = Release|Any CPU
		{7B06B058-F59B-41F7-9047-803806896806}.Debug|Any CPU.ActiveCfg = Debug|Any CPU
		{7B06B058-F59B-41F7-9047-803806896806}.Debug|Any CPU.Build.0 = Debug|Any CPU
		{7B06B058-F59B-41F7-9047-803806896806}.Release|Any CPU.ActiveCfg = Release|Any CPU
		{7B06B058-F59B-41F7-9047-803806896806}.Release|Any CPU.Build.0 = Release|Any CPU
	EndGlobalSection
	GlobalSection(SolutionProperties) = preSolution
		HideSolutionNode = FALSE
	EndGlobalSection
EndGlobal
